// !$*UTF8*$!
{
	archiveVersion = 1;
	classes = {
	};
	objectVersion = 77;
	objects = {

/* Begin PBXBuildFile section */
		595FFFEB2E2AA6640052A14E /* FirebaseFirestore in Frameworks */ = {isa = PBXBuildFile; productRef = 595FFFEA2E2AA6640052A14E /* FirebaseFirestore */; };
		595FFFED2E2AA6640052A14E /* FirebaseFirestoreSwift in Frameworks */ = {isa = PBXBuildFile; productRef = 595FFFEC2E2AA6640052A14E /* FirebaseFirestoreSwift */; };
/* End PBXBuildFile section */

/* Begin PBXContainerItemProxy section */
		595FFFCD2E2AA56B0052A14E /* PBXContainerItemProxy */ = {
			isa = PBXContainerItemProxy;
			containerPortal = 595FFFB72E2AA56A0052A14E /* Project object */;
			proxyType = 1;
			remoteGlobalIDString = 595FFFBE2E2AA56A0052A14E;
			remoteInfo = Notepad;
		};
		595FFFD72E2AA56B0052A14E /* PBXContainerItemProxy */ = {
			isa = PBXContainerItemProxy;
			containerPortal = 595FFFB72E2AA56A0052A14E /* Project object */;
			proxyType = 1;
			remoteGlobalIDString = 595FFFBE2E2AA56A0052A14E;
			remoteInfo = Notepad;
		};
/* End PBXContainerItemProxy section */

/* Begin PBXFileReference section */
		595FFFBF2E2AA56A0052A14E /* Notepad.app */ = {isa = PBXFileReference; explicitFileType = wrapper.application; includeInIndex = 0; path = Notepad.app; sourceTree = BUILT_PRODUCTS_DIR; };
		595FFFCC2E2AA56B0052A14E /* NotepadTests.xctest */ = {isa = PBXFileReference; explicitFileType = wrapper.cfbundle; includeInIndex = 0; path = NotepadTests.xctest; sourceTree = BUILT_PRODUCTS_DIR; };
		595FFFD62E2AA56B0052A14E /* NotepadUITests.xctest */ = {isa = PBXFileReference; explicitFileType = wrapper.cfbundle; includeInIndex = 0; path = NotepadUITests.xctest; sourceTree = BUILT_PRODUCTS_DIR; };
/* End PBXFileReference section */

/* Begin PBXFileSystemSynchronizedRootGroup section */
		595FFFC12E2AA56A0052A14E /* Notepad */ = {
			isa = PBXFileSystemSynchronizedRootGroup;
			path = Notepad;
			sourceTree = "<group>";
		};
		595FFFCF2E2AA56B0052A14E /* NotepadTests */ = {
			isa = PBXFileSystemSynchronizedRootGroup;
			path = NotepadTests;
			sourceTree = "<group>";
		};
		595FFFD92E2AA56B0052A14E /* NotepadUITests */ = {
			isa = PBXFileSystemSynchronizedRootGroup;
			path = NotepadUITests;
			sourceTree = "<group>";
		};
/* End PBXFileSystemSynchronizedRootGroup section */

/* Begin PBXFrameworksBuildPhase section */
		595FFFBC2E2AA56A0052A14E /* Frameworks */ = {
			isa = PBXFrameworksBuildPhase;
			buildActionMask = 2147483647;
			files = (
				595FFFEB2E2AA6640052A14E /* FirebaseFirestore in Frameworks */,
				595FFFED2E2AA6640052A14E /* FirebaseFirestoreSwift in Frameworks */,
			);
			runOnlyForDeploymentPostprocessing = 0;
		};
		595FFFC92E2AA56B0052A14E /* Frameworks */ = {
			isa = PBXFrameworksBuildPhase;
			buildActionMask = 2147483647;
			files = (
			);
			runOnlyForDeploymentPostprocessing = 0;
		};
		595FFFD32E2AA56B0052A14E /* Frameworks */ = {
			isa = PBXFrameworksBuildPhase;
			buildActionMask = 2147483647;
			files = (
			);
			runOnlyForDeploymentPostprocessing = 0;
		};
/* End PBXFrameworksBuildPhase section */

/* Begin PBXGroup section */
		595FFFB62E2AA56A0052A14E = {
			isa = PBXGroup;
			children = (
				595FFFC12E2AA56A0052A14E /* Notepad */,
				595FFFCF2E2AA56B0052A14E /* NotepadTests */,
				595FFFD92E2AA56B0052A14E /* NotepadUITests */,
				595FFFC02E2AA56A0052A14E /* Products */,
			);
			sourceTree = "<group>";
		};
		595FFFC02E2AA56A0052A14E /* Products */ = {
			isa = PBXGroup;
			children = (
				595FFFBF2E2AA56A0052A14E /* Notepad.app */,
				595FFFCC2E2AA56B0052A14E /* NotepadTests.xctest */,
				595FFFD62E2AA56B0052A14E /* NotepadUITests.xctest */,
			);
			name = Products;
			sourceTree = "<group>";
		};
/* End PBXGroup section */

/* Begin PBXNativeTarget section */
		595FFFBE2E2AA56A0052A14E /* Notepad */ = {
			isa = PBXNativeTarget;
			buildConfigurationList = 595FFFE02E2AA56B0052A14E /* Build configuration list for PBXNativeTarget "Notepad" */;
			buildPhases = (
				595FFFBB2E2AA56A0052A14E /* Sources */,
				595FFFBC2E2AA56A0052A14E /* Frameworks */,
				595FFFBD2E2AA56A0052A14E /* Resources */,
			);
			buildRules = (
			);
			dependencies = (
			);
			fileSystemSynchronizedGroups = (
				595FFFC12E2AA56A0052A14E /* Notepad */,
			);
			name = Notepad;
			packageProductDependencies = (
				595FFFEA2E2AA6640052A14E /* FirebaseFirestore */,
				595FFFEC2E2AA6640052A14E /* FirebaseFirestoreSwift */,
			);
			productName = Notepad;
			productReference = 595FFFBF2E2AA56A0052A14E /* Notepad.app */;
			productType = "com.apple.product-type.application";
		};
		595FFFCB2E2AA56B0052A14E /* NotepadTests */ = {
			isa = PBXNativeTarget;
			buildConfigurationList = 595FFFE32E2AA56B0052A14E /* Build configuration list for PBXNativeTarget "NotepadTests" */;
			buildPhases = (
				595FFFC82E2AA56B0052A14E /* Sources */,
				595FFFC92E2AA56B0052A14E /* Frameworks */,
				595FFFCA2E2AA56B0052A14E /* Resources */,
			);
			buildRules = (
			);
			dependencies = (
				595FFFCE2E2AA56B0052A14E /* PBXTargetDependency */,
			);
			fileSystemSynchronizedGroups = (
				595FFFCF2E2AA56B0052A14E /* NotepadTests */,
			);
			name = NotepadTests;
			packageProductDependencies = (
			);
			productName = NotepadTests;
			productReference = 595FFFCC2E2AA56B0052A14E /* NotepadTests.xctest */;
			productType = "com.apple.product-type.bundle.unit-test";
		};
		595FFFD52E2AA56B0052A14E /* NotepadUITests */ = {
			isa = PBXNativeTarget;
			buildConfigurationList = 595FFFE62E2AA56B0052A14E /* Build configuration list for PBXNativeTarget "NotepadUITests" */;
			buildPhases = (
				595FFFD22E2AA56B0052A14E /* Sources */,
				595FFFD32E2AA56B0052A14E /* Frameworks */,
				595FFFD42E2AA56B0052A14E /* Resources */,
			);
			buildRules = (
			);
			dependencies = (
				595FFFD82E2AA56B0052A14E /* PBXTargetDependency */,
			);
			fileSystemSynchronizedGroups = (
				595FFFD92E2AA56B0052A14E /* NotepadUITests */,
			);
			name = NotepadUITests;
			packageProductDependencies = (
			);
			productName = NotepadUITests;
			productReference = 595FFFD62E2AA56B0052A14E /* NotepadUITests.xctest */;
			productType = "com.apple.product-type.bundle.ui-testing";
		};
/* End PBXNativeTarget section */

/* Begin PBXProject section */
		595FFFB72E2AA56A0052A14E /* Project object */ = {
			isa = PBXProject;
			attributes = {
				BuildIndependentTargetsInParallel = 1;
				LastSwiftUpdateCheck = 1640;
				LastUpgradeCheck = 1640;
				TargetAttributes = {
					595FFFBE2E2AA56A0052A14E = {
						CreatedOnToolsVersion = 16.4;
					};
					595FFFCB2E2AA56B0052A14E = {
						CreatedOnToolsVersion = 16.4;
						TestTargetID = 595FFFBE2E2AA56A0052A14E;
					};
					595FFFD52E2AA56B0052A14E = {
						CreatedOnToolsVersion = 16.4;
						TestTargetID = 595FFFBE2E2AA56A0052A14E;
					};
				};
			};
			buildConfigurationList = 595FFFBA2E2AA56A0052A14E /* Build configuration list for PBXProject "Notepad" */;
			developmentRegion = en;
			hasScannedForEncodings = 0;
			knownRegions = (
				en,
				Base,
			);
			mainGroup = 595FFFB62E2AA56A0052A14E;
			minimizedProjectReferenceProxies = 1;
			packageReferences = (
				595FFFE92E2AA6640052A14E /* XCRemoteSwiftPackageReference "firebase-ios-sdk" */,
			);
			preferredProjectObjectVersion = 77;
			productRefGroup = 595FFFC02E2AA56A0052A14E /* Products */;
			projectDirPath = "";
			projectRoot = "";
			targets = (
				595FFFBE2E2AA56A0052A14E /* Notepad */,
				595FFFCB2E2AA56B0052A14E /* NotepadTests */,
				595FFFD52E2AA56B0052A14E /* NotepadUITests */,
			);
		};
/* End PBXProject section */

/* Begin PBXResourcesBuildPhase section */
		595FFFBD2E2AA56A0052A14E /* Resources */ = {
			isa = PBXResourcesBuildPhase;
			buildActionMask = 2147483647;
			files = (
			);
			runOnlyForDeploymentPostprocessing = 0;
		};
		595FFFCA2E2AA56B0052A14E /* Resources */ = {
			isa = PBXResourcesBuildPhase;
			buildActionMask = 2147483647;
			files = (
			);
			runOnlyForDeploymentPostprocessing = 0;
		};
		595FFFD42E2AA56B0052A14E /* Resources */ = {
			isa = PBXResourcesBuildPhase;
			buildActionMask = 2147483647;
			files = (
			);
			runOnlyForDeploymentPostprocessing = 0;
		};
/* End PBXResourcesBuildPhase section */

/* Begin PBXSourcesBuildPhase section */
		595FFFBB2E2AA56A0052A14E /* Sources */ = {
			isa = PBXSourcesBuildPhase;
			buildActionMask = 2147483647;
			files = (
			);
			runOnlyForDeploymentPostprocessing = 0;
		};
		595FFFC82E2AA56B0052A14E /* Sources */ = {
			isa = PBXSourcesBuildPhase;
			buildActionMask = 2147483647;
			files = (
			);
			runOnlyForDeploymentPostprocessing = 0;
		};
		595FFFD22E2AA56B0052A14E /* Sources */ = {
			isa = PBXSourcesBuildPhase;
			buildActionMask = 2147483647;
			files = (
			);
			runOnlyForDeploymentPostprocessing = 0;
		};
/* End PBXSourcesBuildPhase section */

/* Begin PBXTargetDependency section */
		595FFFCE2E2AA56B0052A14E /* PBXTargetDependency */ = {
			isa = PBXTargetDependency;
			target = 595FFFBE2E2AA56A0052A14E /* Notepad */;
			targetProxy = 595FFFCD2E2AA56B0052A14E /* PBXContainerItemProxy */;
		};
		595FFFD82E2AA56B0052A14E /* PBXTargetDependency */ = {
			isa = PBXTargetDependency;
			target = 595FFFBE2E2AA56A0052A14E /* Notepad */;
			targetProxy = 595FFFD72E2AA56B0052A14E /* PBXContainerItemProxy */;
		};
/* End PBXTargetDependency section */

/* Begin XCBuildConfiguration section */
		595FFFDE2E2AA56B0052A14E /* Debug */ = {
			isa = XCBuildConfiguration;
			buildSettings = {
				ALWAYS_SEARCH_USER_PATHS = NO;
				ASSETCATALOG_COMPILER_GENERATE_SWIFT_ASSET_SYMBOL_EXTENSIONS = YES;
				CLANG_ANALYZER_NONNULL = YES;
				CLANG_ANALYZER_NUMBER_OBJECT_CONVERSION = YES_AGGRESSIVE;
				CLANG_CXX_LANGUAGE_STANDARD = "gnu++20";
				CLANG_ENABLE_MODULES = YES;
				CLANG_ENABLE_OBJC_ARC = YES;
				CLANG_ENABLE_OBJC_WEAK = YES;
				CLANG_WARN_BLOCK_CAPTURE_AUTORELEASING = YES;
				CLANG_WARN_BOOL_CONVERSION = YES;
				CLANG_WARN_COMMA = YES;
				CLANG_WARN_CONSTANT_CONVERSION = YES;
				CLANG_WARN_DEPRECATED_OBJC_IMPLEMENTATIONS = YES;
				CLANG_WARN_DIRECT_OBJC_ISA_USAGE = YES_ERROR;
				CLANG_WARN_DOCUMENTATION_COMMENTS = YES;
				CLANG_WARN_EMPTY_BODY = YES;
				CLANG_WARN_ENUM_CONVERSION = YES;
				CLANG_WARN_INFINITE_RECURSION = YES;
				CLANG_WARN_INT_CONVERSION = YES;
				CLANG_WARN_NON_LITERAL_NULL_CONVERSION = YES;
				CLANG_WARN_OBJC_IMPLICIT_RETAIN_SELF = YES;
				CLANG_WARN_OBJC_LITERAL_CONVERSION = YES;
				CLANG_WARN_OBJC_ROOT_CLASS = YES_ERROR;
				CLANG_WARN_QUOTED_INCLUDE_IN_FRAMEWORK_HEADER = YES;
				CLANG_WARN_RANGE_LOOP_ANALYSIS = YES;
				CLANG_WARN_STRICT_PROTOTYPES = YES;
				CLANG_WARN_SUSPICIOUS_MOVE = YES;
				CLANG_WARN_UNGUARDED_AVAILABILITY = YES_AGGRESSIVE;
				CLANG_WARN_UNREACHABLE_CODE = YES;
				CLANG_WARN__DUPLICATE_METHOD_MATCH = YES;
				COPY_PHASE_STRIP = NO;
				DEBUG_INFORMATION_FORMAT = dwarf;
				ENABLE_STRICT_OBJC_MSGSEND = YES;
				ENABLE_TESTABILITY = YES;
				ENABLE_USER_SCRIPT_SANDBOXING = YES;
				GCC_C_LANGUAGE_STANDARD = gnu17;
				GCC_DYNAMIC_NO_PIC = NO;
				GCC_NO_COMMON_BLOCKS = YES;
				GCC_OPTIMIZATION_LEVEL = 0;
				GCC_PREPROCESSOR_DEFINITIONS = (
					"DEBUG=1",
					"$(inherited)",
				);
				GCC_WARN_64_TO_32_BIT_CONVERSION = YES;
				GCC_WARN_ABOUT_RETURN_TYPE = YES_ERROR;
				GCC_WARN_UNDECLARED_SELECTOR = YES;
				GCC_WARN_UNINITIALIZED_AUTOS = YES_AGGRESSIVE;
				GCC_WARN_UNUSED_FUNCTION = YES;
				GCC_WARN_UNUSED_VARIABLE = YES;
				IPHONEOS_DEPLOYMENT_TARGET = 18.5;
				LOCALIZATION_PREFERS_STRING_CATALOGS = YES;
				MTL_ENABLE_DEBUG_INFO = INCLUDE_SOURCE;
				MTL_FAST_MATH = YES;
				ONLY_ACTIVE_ARCH = YES;
				SDKROOT = iphoneos;
				SWIFT_ACTIVE_COMPILATION_CONDITIONS = "DEBUG $(inherited)";
				SWIFT_OPTIMIZATION_LEVEL = "-Onone";
			};
			name = Debug;
		};
		595FFFDF2E2AA56B0052A14E /* Release */ = {
			isa = XCBuildConfiguration;
			buildSettings = {
				ALWAYS_SEARCH_USER_PATHS = NO;
				ASSETCATALOG_COMPILER_GENERATE_SWIFT_ASSET_SYMBOL_EXTENSIONS = YES;
				CLANG_ANALYZER_NONNULL = YES;
				CLANG_ANALYZER_NUMBER_OBJECT_CONVERSION = YES_AGGRESSIVE;
				CLANG_CXX_LANGUAGE_STANDARD = "gnu++20";
				CLANG_ENABLE_MODULES = YES;
				CLANG_ENABLE_OBJC_ARC = YES;
				CLANG_ENABLE_OBJC_WEAK = YES;
				CLANG_WARN_BLOCK_CAPTURE_AUTORELEASING = YES;
				CLANG_WARN_BOOL_CONVERSION = YES;
				CLANG_WARN_COMMA = YES;
				CLANG_WARN_CONSTANT_CONVERSION = YES;
				CLANG_WARN_DEPRECATED_OBJC_IMPLEMENTATIONS = YES;
				CLANG_WARN_DIRECT_OBJC_ISA_USAGE = YES_ERROR;
				CLANG_WARN_DOCUMENTATION_COMMENTS = YES;
				CLANG_WARN_EMPTY_BODY = YES;
				CLANG_WARN_ENUM_CONVERSION = YES;
				CLANG_WARN_INFINITE_RECURSION = YES;
				CLANG_WARN_INT_CONVERSION = YES;
				CLANG_WARN_NON_LITERAL_NULL_CONVERSION = YES;
				CLANG_WARN_OBJC_IMPLICIT_RETAIN_SELF = YES;
				CLANG_WARN_OBJC_LITERAL_CONVERSION = YES;
				CLANG_WARN_OBJC_ROOT_CLASS = YES_ERROR;
				CLANG_WARN_QUOTED_INCLUDE_IN_FRAMEWORK_HEADER = YES;
				CLANG_WARN_RANGE_LOOP_ANALYSIS = YES;
				CLANG_WARN_STRICT_PROTOTYPES = YES;
				CLANG_WARN_SUSPICIOUS_MOVE = YES;
				CLANG_WARN_UNGUARDED_AVAILABILITY = YES_AGGRESSIVE;
				CLANG_WARN_UNREACHABLE_CODE = YES;
				CLANG_WARN__DUPLICATE_METHOD_MATCH = YES;
				COPY_PHASE_STRIP = NO;
				DEBUG_INFORMATION_FORMAT = "dwarf-with-dsym";
				ENABLE_NS_ASSERTIONS = NO;
				ENABLE_STRICT_OBJC_MSGSEND = YES;
				ENABLE_USER_SCRIPT_SANDBOXING = YES;
				GCC_C_LANGUAGE_STANDARD = gnu17;
				GCC_NO_COMMON_BLOCKS = YES;
				GCC_WARN_64_TO_32_BIT_CONVERSION = YES;
				GCC_WARN_ABOUT_RETURN_TYPE = YES_ERROR;
				GCC_WARN_UNDECLARED_SELECTOR = YES;
				GCC_WARN_UNINITIALIZED_AUTOS = YES_AGGRESSIVE;
				GCC_WARN_UNUSED_FUNCTION = YES;
				GCC_WARN_UNUSED_VARIABLE = YES;
				IPHONEOS_DEPLOYMENT_TARGET = 18.5;
				LOCALIZATION_PREFERS_STRING_CATALOGS = YES;
				MTL_ENABLE_DEBUG_INFO = NO;
				MTL_FAST_MATH = YES;
				SDKROOT = iphoneos;
				SWIFT_COMPILATION_MODE = wholemodule;
				VALIDATE_PRODUCT = YES;
			};
			name = Release;
		};
		595FFFE12E2AA56B0052A14E /* Debug */ = {
			isa = XCBuildConfiguration;
			buildSettings = {
				ASSETCATALOG_COMPILER_APPICON_NAME = AppIcon;
				ASSETCATALOG_COMPILER_GLOBAL_ACCENT_COLOR_NAME = AccentColor;
				CODE_SIGN_STYLE = Automatic;
				CURRENT_PROJECT_VERSION = 1;
				ENABLE_PREVIEWS = YES;
				GENERATE_INFOPLIST_FILE = YES;
				INFOPLIST_KEY_UIApplicationSceneManifest_Generation = YES;
				INFOPLIST_KEY_UIApplicationSupportsIndirectInputEvents = YES;
				INFOPLIST_KEY_UILaunchScreen_Generation = YES;
				INFOPLIST_KEY_UISupportedInterfaceOrientations_iPad = "UIInterfaceOrientationPortrait UIInterfaceOrientationPortraitUpsideDown UIInterfaceOrientationLandscapeLeft UIInterfaceOrientationLandscapeRight";
				INFOPLIST_KEY_UISupportedInterfaceOrientations_iPhone = "UIInterfaceOrientationPortrait UIInterfaceOrientationLandscapeLeft UIInterfaceOrientationLandscapeRight";
				LD_RUNPATH_SEARCH_PATHS = (
					"$(inherited)",
					"@executable_path/Frameworks",
				);
				MARKETING_VERSION = 1.0;
				PRODUCT_BUNDLE_IDENTIFIER = com.royan.myiosapps.Notepad.Notepad;
				PRODUCT_NAME = "$(TARGET_NAME)";
				SWIFT_EMIT_LOC_STRINGS = YES;
				SWIFT_VERSION = 5.0;
				TARGETED_DEVICE_FAMILY = "1,2";
			};
			name = Debug;
		};
		595FFFE22E2AA56B0052A14E /* Release */ = {
			isa = XCBuildConfiguration;
			buildSettings = {
				ASSETCATALOG_COMPILER_APPICON_NAME = AppIcon;
				ASSETCATALOG_COMPILER_GLOBAL_ACCENT_COLOR_NAME = AccentColor;
				CODE_SIGN_STYLE = Automatic;
				CURRENT_PROJECT_VERSION = 1;
				ENABLE_PREVIEWS = YES;
				GENERATE_INFOPLIST_FILE = YES;
				INFOPLIST_KEY_UIApplicationSceneManifest_Generation = YES;
				INFOPLIST_KEY_UIApplicationSupportsIndirectInputEvents = YES;
				INFOPLIST_KEY_UILaunchScreen_Generation = YES;
				INFOPLIST_KEY_UISupportedInterfaceOrientations_iPad = "UIInterfaceOrientationPortrait UIInterfaceOrientationPortraitUpsideDown UIInterfaceOrientationLandscapeLeft UIInterfaceOrientationLandscapeRight";
				INFOPLIST_KEY_UISupportedInterfaceOrientations_iPhone = "UIInterfaceOrientationPortrait UIInterfaceOrientationLandscapeLeft UIInterfaceOrientationLandscapeRight";
				LD_RUNPATH_SEARCH_PATHS = (
					"$(inherited)",
					"@executable_path/Frameworks",
				);
				MARKETING_VERSION = 1.0;
				PRODUCT_BUNDLE_IDENTIFIER = com.royan.myiosapps.Notepad.Notepad;
				PRODUCT_NAME = "$(TARGET_NAME)";
				SWIFT_EMIT_LOC_STRINGS = YES;
				SWIFT_VERSION = 5.0;
				TARGETED_DEVICE_FAMILY = "1,2";
			};
			name = Release;
		};
		595FFFE42E2AA56B0052A14E /* Debug */ = {
			isa = XCBuildConfiguration;
			buildSettings = {
				BUNDLE_LOADER = "$(TEST_HOST)";
				CODE_SIGN_STYLE = Automatic;
				CURRENT_PROJECT_VERSION = 1;
				GENERATE_INFOPLIST_FILE = YES;
				IPHONEOS_DEPLOYMENT_TARGET = 18.5;
				MARKETING_VERSION = 1.0;
				PRODUCT_BUNDLE_IDENTIFIER = com.royan.myiosapps.Notepad.NotepadTests;
				PRODUCT_NAME = "$(TARGET_NAME)";
				SWIFT_EMIT_LOC_STRINGS = NO;
				SWIFT_VERSION = 5.0;
				TARGETED_DEVICE_FAMILY = "1,2";
				TEST_HOST = "$(BUILT_PRODUCTS_DIR)/Notepad.app/$(BUNDLE_EXECUTABLE_FOLDER_PATH)/Notepad";
			};
			name = Debug;
		};
		595FFFE52E2AA56B0052A14E /* Release */ = {
			isa = XCBuildConfiguration;
			buildSettings = {
				BUNDLE_LOADER = "$(TEST_HOST)";
				CODE_SIGN_STYLE = Automatic;
				CURRENT_PROJECT_VERSION = 1;
				GENERATE_INFOPLIST_FILE = YES;
				IPHONEOS_DEPLOYMENT_TARGET = 18.5;
				MARKETING_VERSION = 1.0;
				PRODUCT_BUNDLE_IDENTIFIER = com.royan.myiosapps.Notepad.NotepadTests;
				PRODUCT_NAME = "$(TARGET_NAME)";
				SWIFT_EMIT_LOC_STRINGS = NO;
				SWIFT_VERSION = 5.0;
				TARGETED_DEVICE_FAMILY = "1,2";
				TEST_HOST = "$(BUILT_PRODUCTS_DIR)/Notepad.app/$(BUNDLE_EXECUTABLE_FOLDER_PATH)/Notepad";
			};
			name = Release;
		};
		595FFFE72E2AA56B0052A14E /* Debug */ = {
			isa = XCBuildConfiguration;
			buildSettings = {
				CODE_SIGN_STYLE = Automatic;
				CURRENT_PROJECT_VERSION = 1;
				GENERATE_INFOPLIST_FILE = YES;
				MARKETING_VERSION = 1.0;
				PRODUCT_BUNDLE_IDENTIFIER = com.royan.myiosapps.Notepad.NotepadUITests;
				PRODUCT_NAME = "$(TARGET_NAME)";
				SWIFT_EMIT_LOC_STRINGS = NO;
				SWIFT_VERSION = 5.0;
				TARGETED_DEVICE_FAMILY = "1,2";
				TEST_TARGET_NAME = Notepad;
			};
			name = Debug;
		};
		595FFFE82E2AA56B0052A14E /* Release */ = {
			isa = XCBuildConfiguration;
			buildSettings = {
				CODE_SIGN_STYLE = Automatic;
				CURRENT_PROJECT_VERSION = 1;
				GENERATE_INFOPLIST_FILE = YES;
				MARKETING_VERSION = 1.0;
				PRODUCT_BUNDLE_IDENTIFIER = com.royan.myiosapps.Notepad.NotepadUITests;
				PRODUCT_NAME = "$(TARGET_NAME)";
				SWIFT_EMIT_LOC_STRINGS = NO;
				SWIFT_VERSION = 5.0;
				TARGETED_DEVICE_FAMILY = "1,2";
				TEST_TARGET_NAME = Notepad;
			};
			name = Release;
		};
/* End XCBuildConfiguration section */

/* Begin XCConfigurationList section */
		595FFFBA2E2AA56A0052A14E /* Build configuration list for PBXProject "Notepad" */ = {
			isa = XCConfigurationList;
			buildConfigurations = (
				595FFFDE2E2AA56B0052A14E /* Debug */,
				595FFFDF2E2AA56B0052A14E /* Release */,
			);
			defaultConfigurationIsVisible = 0;
			defaultConfigurationName = Release;
		};
		595FFFE02E2AA56B0052A14E /* Build configuration list for PBXNativeTarget "Notepad" */ = {
			isa = XCConfigurationList;
			buildConfigurations = (
				595FFFE12E2AA56B0052A14E /* Debug */,
				595FFFE22E2AA56B0052A14E /* Release */,
			);
			defaultConfigurationIsVisible = 0;
			defaultConfigurationName = Release;
		};
		595FFFE32E2AA56B0052A14E /* Build configuration list for PBXNativeTarget "NotepadTests" */ = {
			isa = XCConfigurationList;
			buildConfigurations = (
				595FFFE42E2AA56B0052A14E /* Debug */,
				595FFFE52E2AA56B0052A14E /* Release */,
			);
			defaultConfigurationIsVisible = 0;
			defaultConfigurationName = Release;
		};
		595FFFE62E2AA56B0052A14E /* Build configuration list for PBXNativeTarget "NotepadUITests" */ = {
			isa = XCConfigurationList;
			buildConfigurations = (
				595FFFE72E2AA56B0052A14E /* Debug */,
				595FFFE82E2AA56B0052A14E /* Release */,
			);
			defaultConfigurationIsVisible = 0;
			defaultConfigurationName = Release;
		};
/* End XCConfigurationList section */

/* Begin XCRemoteSwiftPackageReference section */
		595FFFE92E2AA6640052A14E /* XCRemoteSwiftPackageReference "firebase-ios-sdk" */ = {
			isa = XCRemoteSwiftPackageReference;
			repositoryURL = "https://github.com/firebase/firebase-ios-sdk.git";
			requirement = {
				kind = upToNextMajorVersion;
				minimumVersion = 10.18.0;
			};
		};
/* End XCRemoteSwiftPackageReference section */

/* Begin XCSwiftPackageProductDependency section */
		595FFFEA2E2AA6640052A14E /* FirebaseFirestore */ = {
			isa = XCSwiftPackageProductDependency;
			package = 595FFFE92E2AA6640052A14E /* XCRemoteSwiftPackageReference "firebase-ios-sdk" */;
			productName = FirebaseFirestore;
		};
		595FFFEC2E2AA6640052A14E /* FirebaseFirestoreSwift */ = {
			isa = XCSwiftPackageProductDependency;
			package = 595FFFE92E2AA6640052A14E /* XCRemoteSwiftPackageReference "firebase-ios-sdk" */;
			productName = FirebaseFirestoreSwift;
		};
/* End XCSwiftPackageProductDependency section */
	};
	rootObject = 595FFFB72E2AA56A0052A14E /* Project object */;
}
